
Microsoft Visual Studio Solution File, Format Version 12.00
# Visual Studio Version 17
VisualStudioVersion = 17.5.33424.131
MinimumVisualStudioVersion = 10.0.40219.1
Project("{8BC9CEB8-8B4A-11D0-8D11-00A0C91BC942}") = "GameApp", "GameApp\GameApp.vcxproj", "{33C953D6-18FB-4C62-9776-B40F10691144}"
EndProject
Project("{8BC9CEB8-8B4A-11D0-8D11-00A0C91BC942}") = "Engine", "Engine\Engine.vcxproj", "{E23877A4-518A-4B4E-A119-4750737ACA8E}"
EndProject
Global
	GlobalSection(SolutionConfigurationPlatforms) = preSolution
		Debug|x64 = Debug|x64
		Debug|x86 = Debug|x86
		Release|x64 = Release|x64
		Release|x86 = Release|x86
	EndGlobalSection
	GlobalSection(ProjectConfigurationPlatforms) = postSolution
		{33C953D6-18FB-4C62-9776-B40F10691144}.Debug|x64.ActiveCfg = Debug|x64
		{33C953D6-18FB-4C62-9776-B40F10691144}.Debug|x64.Build.0 = Debug|x64
		{33C953D6-18FB-4C62-9776-B40F10691144}.Debug|x86.ActiveCfg = Debug|Win32
		{33C953D6-18FB-4C62-9776-B40F10691144}.Debug|x86.Build.0 = Debug|Win32
		{33C953D6-18FB-4C62-9776-B40F10691144}.Release|x64.ActiveCfg = Release|x64
		{33C953D6-18FB-4C62-9776-B40F10691144}.Release|x64.Build.0 = Release|x64
		{33C953D6-18FB-4C62-9776-B40F10691144}.Release|x86.ActiveCfg = Release|Win32
		{33C953D6-18FB-4C62-9776-B40F10691144}.Release|x86.Build.0 = Release|Win32
		{E23877A4-518A-4B4E-A119-4750737ACA8E}.Debug|x64.ActiveCfg = Debug|x64
		{E23877A4-518A-4B4E-A119-4750737ACA8E}.Debug|x64.Build.0 = Debug|x64
		{E23877A4-518A-4B4E-A119-4750737ACA8E}.Debug|x86.ActiveCfg = Debug|Win32
		{E23877A4-518A-4B4E-A119-4750737ACA8E}.Debug|x86.Build.0 = Debug|Win32
		{E23877A4-518A-4B4E-A119-4750737ACA8E}.Release|x64.ActiveCfg = Release|x64
		{E23877A4-518A-4B4E-A119-4750737ACA8E}.Release|x64.Build.0 = Release|x64
		{E23877A4-518A-4B4E-A119-4750737ACA8E}.Release|x86.ActiveCfg = Release|Win32
		{E23877A4-518A-4B4E-A119-4750737ACA8E}.Release|x86.Build.0 = Release|Win32
	EndGlobalSection
	GlobalSection(SolutionProperties) = preSolution
		HideSolutionNode = FALSE
	EndGlobalSection
	GlobalSection(ExtensibilityGlobals) = postSolution
		SolutionGuid = {906CBF78-1387-4AF1-B43A-F1B02F186167}
	EndGlobalSection
EndGlobal
